// !$*UTF8*$!
{
	archiveVersion = 1;
	classes = {
	};
	objectVersion = 56;
	objects = {

/* Begin PBXBuildFile section */
		2F761FA02AADBCB200F9D20D /* Service.swift in Sources */ = {isa = PBXBuildFile; fileRef = 2F761F9F2AADBCB200F9D20D /* Service.swift */; };
		2F761FA22AADBCE300F9D20D /* Router.swift in Sources */ = {isa = PBXBuildFile; fileRef = 2F761FA12AADBCE300F9D20D /* Router.swift */; };
		2F761FA42AADBCFB00F9D20D /* TargetType.swift in Sources */ = {isa = PBXBuildFile; fileRef = 2F761FA32AADBCFB00F9D20D /* TargetType.swift */; };
		2F761FA62AADBD0E00F9D20D /* HTTPMethod.swift in Sources */ = {isa = PBXBuildFile; fileRef = 2F761FA52AADBD0E00F9D20D /* HTTPMethod.swift */; };
		2F761FA82AADBD2400F9D20D /* NetworkError.swift in Sources */ = {isa = PBXBuildFile; fileRef = 2F761FA72AADBD2400F9D20D /* NetworkError.swift */; };
		2F761FAA2AADBDD700F9D20D /* APIKey.swift in Sources */ = {isa = PBXBuildFile; fileRef = 2F761FA92AADBDD700F9D20D /* APIKey.swift */; };
		2F761FAE2AADBF5E00F9D20D /* NaverShoppingListQuery.swift in Sources */ = {isa = PBXBuildFile; fileRef = 2F761FAD2AADBF5E00F9D20D /* NaverShoppingListQuery.swift */; };
		2F761FB02AADBF7500F9D20D /* NaverShoppingList.swift in Sources */ = {isa = PBXBuildFile; fileRef = 2F761FAF2AADBF7500F9D20D /* NaverShoppingList.swift */; };
		2F761FB22AADC24B00F9D20D /* NaverShoppingItem.swift in Sources */ = {isa = PBXBuildFile; fileRef = 2F761FB12AADC24B00F9D20D /* NaverShoppingItem.swift */; };
		2F761FB42AADC2DC00F9D20D /* NaverShoppingListDTO.swift in Sources */ = {isa = PBXBuildFile; fileRef = 2F761FB32AADC2DC00F9D20D /* NaverShoppingListDTO.swift */; };
		2F761FB62AADC2E500F9D20D /* NaverShoppingItemDTO.swift in Sources */ = {isa = PBXBuildFile; fileRef = 2F761FB52AADC2E500F9D20D /* NaverShoppingItemDTO.swift */; };
		2F761FB82AADC43000F9D20D /* ProductSearchRepositoryImpl.swift in Sources */ = {isa = PBXBuildFile; fileRef = 2F761FB72AADC43000F9D20D /* ProductSearchRepositoryImpl.swift */; };
		2F761FBA2AADC52D00F9D20D /* ProductSearchRepository.swift in Sources */ = {isa = PBXBuildFile; fileRef = 2F761FB92AADC52D00F9D20D /* ProductSearchRepository.swift */; };
		2F761FBC2AADC70200F9D20D /* ProductSearchUseCase.swift in Sources */ = {isa = PBXBuildFile; fileRef = 2F761FBB2AADC70200F9D20D /* ProductSearchUseCase.swift */; };
		2F7721152AB2DF4C0091DA91 /* UIScreen+Ex.swift in Sources */ = {isa = PBXBuildFile; fileRef = 2F7721142AB2DF4C0091DA91 /* UIScreen+Ex.swift */; };
		2F77211C2AB2E1790091DA91 /* Realm in Frameworks */ = {isa = PBXBuildFile; productRef = 2F77211B2AB2E1790091DA91 /* Realm */; };
		2F77211E2AB2E1790091DA91 /* RealmSwift in Frameworks */ = {isa = PBXBuildFile; productRef = 2F77211D2AB2E1790091DA91 /* RealmSwift */; };
		2F7721222AB2E1CF0091DA91 /* RealmStorage.swift in Sources */ = {isa = PBXBuildFile; fileRef = 2F7721212AB2E1CF0091DA91 /* RealmStorage.swift */; };
		2F7721242AB2E24A0091DA91 /* ItemRealmDTO.swift in Sources */ = {isa = PBXBuildFile; fileRef = 2F7721232AB2E24A0091DA91 /* ItemRealmDTO.swift */; };
		2F7721262AB2E7D20091DA91 /* RefineItem.swift in Sources */ = {isa = PBXBuildFile; fileRef = 2F7721252AB2E7D20091DA91 /* RefineItem.swift */; };
		2FE08E302AB3EF170062138C /* RefineItemDataBaseRepository.swift in Sources */ = {isa = PBXBuildFile; fileRef = 2FE08E2F2AB3EF170062138C /* RefineItemDataBaseRepository.swift */; };
		2FE08E322AB3EF520062138C /* RefineItemDataBaseRepositoryImpl.swift in Sources */ = {isa = PBXBuildFile; fileRef = 2FE08E312AB3EF520062138C /* RefineItemDataBaseRepositoryImpl.swift */; };
		2FE08E342AB3F0090062138C /* Realm+Ex.swift in Sources */ = {isa = PBXBuildFile; fileRef = 2FE08E332AB3F0090062138C /* Realm+Ex.swift */; };
		2FE08E362AB3F7CC0062138C /* RefineItemDataBaseUseCase.swift in Sources */ = {isa = PBXBuildFile; fileRef = 2FE08E352AB3F7CC0062138C /* RefineItemDataBaseUseCase.swift */; };
		2FE1C6472AAEAB670025C801 /* SearchIntent.swift in Sources */ = {isa = PBXBuildFile; fileRef = 2FE1C6462AAEAB670025C801 /* SearchIntent.swift */; };
		2FE1C6492AAEAB6E0025C801 /* SearchIntentProtocol.swift in Sources */ = {isa = PBXBuildFile; fileRef = 2FE1C6482AAEAB6E0025C801 /* SearchIntentProtocol.swift */; };
		2FE1C64D2AAEAD300025C801 /* SearchView+Build.swift in Sources */ = {isa = PBXBuildFile; fileRef = 2FE1C64C2AAEAD300025C801 /* SearchView+Build.swift */; };
		2FE1C64F2AAEAD660025C801 /* SearchTypes.swift in Sources */ = {isa = PBXBuildFile; fileRef = 2FE1C64E2AAEAD660025C801 /* SearchTypes.swift */; };
		2FE1C6522AAEAEB60025C801 /* SearchModel.swift in Sources */ = {isa = PBXBuildFile; fileRef = 2FE1C6512AAEAEB60025C801 /* SearchModel.swift */; };
		2FE1C6542AAEAEBE0025C801 /* SearchModelProtocol.swift in Sources */ = {isa = PBXBuildFile; fileRef = 2FE1C6532AAEAEBE0025C801 /* SearchModelProtocol.swift */; };
		2FE1C6562AAEB04F0025C801 /* SearchRouter.swift in Sources */ = {isa = PBXBuildFile; fileRef = 2FE1C6552AAEB04F0025C801 /* SearchRouter.swift */; };
		2FE1C6592AAEB0A80025C801 /* RouterProtocol.swift in Sources */ = {isa = PBXBuildFile; fileRef = 2FE1C6582AAEB0A80025C801 /* RouterProtocol.swift */; };
		2FE1C65B2AAEB0AE0025C801 /* RouterScreenProtocol.swift in Sources */ = {isa = PBXBuildFile; fileRef = 2FE1C65A2AAEB0AE0025C801 /* RouterScreenProtocol.swift */; };
		2FE1C6602AAEB0EE0025C801 /* RouterAlertModifier.swift in Sources */ = {isa = PBXBuildFile; fileRef = 2FE1C65F2AAEB0EE0025C801 /* RouterAlertModifier.swift */; };
		2FE1C6622AAEB10A0025C801 /* RouterCloseModifier.swift in Sources */ = {isa = PBXBuildFile; fileRef = 2FE1C6612AAEB10A0025C801 /* RouterCloseModifier.swift */; };
		2FE1C6642AAEB11E0025C801 /* RouterNavigationStackModifier.swift in Sources */ = {isa = PBXBuildFile; fileRef = 2FE1C6632AAEB11E0025C801 /* RouterNavigationStackModifier.swift */; };
		2FE1C6662AAEB1440025C801 /* RouterNavigationViewModifier.swift in Sources */ = {isa = PBXBuildFile; fileRef = 2FE1C6652AAEB1440025C801 /* RouterNavigationViewModifier.swift */; };
		2FE1C6682AAEB1540025C801 /* RouterSheetModifier.swift in Sources */ = {isa = PBXBuildFile; fileRef = 2FE1C6672AAEB1540025C801 /* RouterSheetModifier.swift */; };
		2FE1C66B2AAED7520025C801 /* ItemDetailView.swift in Sources */ = {isa = PBXBuildFile; fileRef = 2FE1C66A2AAED7520025C801 /* ItemDetailView.swift */; };
		2FE1C66D2AAEDB700025C801 /* ItemDetailView+Build.swift in Sources */ = {isa = PBXBuildFile; fileRef = 2FE1C66C2AAEDB700025C801 /* ItemDetailView+Build.swift */; };
		2FE1C6702AAEDB8F0025C801 /* ItemDetailModel.swift in Sources */ = {isa = PBXBuildFile; fileRef = 2FE1C66F2AAEDB8F0025C801 /* ItemDetailModel.swift */; };
		2FE1C6722AAEDB980025C801 /* ItemDetailModelProtocol.swift in Sources */ = {isa = PBXBuildFile; fileRef = 2FE1C6712AAEDB980025C801 /* ItemDetailModelProtocol.swift */; };
		2FE1C6772AAEDBE90025C801 /* ItemDetailTypes.swift in Sources */ = {isa = PBXBuildFile; fileRef = 2FE1C6762AAEDBE90025C801 /* ItemDetailTypes.swift */; };
		2FE1C6792AAEDC890025C801 /* ItemDetailRouter.swift in Sources */ = {isa = PBXBuildFile; fileRef = 2FE1C6782AAEDC890025C801 /* ItemDetailRouter.swift */; };
		2FE1C67B2AAEDCC10025C801 /* ItemDetailIntentProtocol.swift in Sources */ = {isa = PBXBuildFile; fileRef = 2FE1C67A2AAEDCC10025C801 /* ItemDetailIntentProtocol.swift */; };
		2FE1C67D2AAEDCE10025C801 /* ItemDetailIntent.swift in Sources */ = {isa = PBXBuildFile; fileRef = 2FE1C67C2AAEDCE10025C801 /* ItemDetailIntent.swift */; };
		2FE1C6802AAFEA030025C801 /* ImageCache.swift in Sources */ = {isa = PBXBuildFile; fileRef = 2FE1C67F2AAFEA030025C801 /* ImageCache.swift */; };
		2FE1C6892AB14D7A0025C801 /* CasheableImage.swift in Sources */ = {isa = PBXBuildFile; fileRef = 2FE1C6882AB14D7A0025C801 /* CasheableImage.swift */; };
		2FE1C68D2AB151890025C801 /* ImageCacheError.swift in Sources */ = {isa = PBXBuildFile; fileRef = 2FE1C68C2AB151890025C801 /* ImageCacheError.swift */; };
		2FE1C68F2AB181300025C801 /* LoadingState.swift in Sources */ = {isa = PBXBuildFile; fileRef = 2FE1C68E2AB181300025C801 /* LoadingState.swift */; };
		2FF45F822AAD921000B22904 /* RecapShoppingApp.swift in Sources */ = {isa = PBXBuildFile; fileRef = 2FF45F812AAD921000B22904 /* RecapShoppingApp.swift */; };
		2FF45F862AAD921100B22904 /* Assets.xcassets in Resources */ = {isa = PBXBuildFile; fileRef = 2FF45F852AAD921100B22904 /* Assets.xcassets */; };
		2FF45F8A2AAD921100B22904 /* Preview Assets.xcassets in Resources */ = {isa = PBXBuildFile; fileRef = 2FF45F892AAD921100B22904 /* Preview Assets.xcassets */; };
		2FF45F9E2AADA51000B22904 /* MVIContainer.swift in Sources */ = {isa = PBXBuildFile; fileRef = 2FF45F9D2AADA51000B22904 /* MVIContainer.swift */; };
		2FF45FA02AADABFC00B22904 /* TabView.swift in Sources */ = {isa = PBXBuildFile; fileRef = 2FF45F9F2AADABFC00B22904 /* TabView.swift */; };
		2FF45FA22AADAC3700B22904 /* SearchView.swift in Sources */ = {isa = PBXBuildFile; fileRef = 2FF45FA12AADAC3700B22904 /* SearchView.swift */; };
		2FF45FAA2AADB2AB00B22904 /* CategoryModel.swift in Sources */ = {isa = PBXBuildFile; fileRef = 2FF45FA92AADB2AB00B22904 /* CategoryModel.swift */; };
/* End PBXBuildFile section */

/* Begin PBXFileReference section */
		2F761F9F2AADBCB200F9D20D /* Service.swift */ = {isa = PBXFileReference; lastKnownFileType = sourcecode.swift; path = Service.swift; sourceTree = "<group>"; };
		2F761FA12AADBCE300F9D20D /* Router.swift */ = {isa = PBXFileReference; lastKnownFileType = sourcecode.swift; path = Router.swift; sourceTree = "<group>"; };
		2F761FA32AADBCFB00F9D20D /* TargetType.swift */ = {isa = PBXFileReference; lastKnownFileType = sourcecode.swift; path = TargetType.swift; sourceTree = "<group>"; };
		2F761FA52AADBD0E00F9D20D /* HTTPMethod.swift */ = {isa = PBXFileReference; lastKnownFileType = sourcecode.swift; path = HTTPMethod.swift; sourceTree = "<group>"; };
		2F761FA72AADBD2400F9D20D /* NetworkError.swift */ = {isa = PBXFileReference; lastKnownFileType = sourcecode.swift; path = NetworkError.swift; sourceTree = "<group>"; };
		2F761FA92AADBDD700F9D20D /* APIKey.swift */ = {isa = PBXFileReference; lastKnownFileType = sourcecode.swift; path = APIKey.swift; sourceTree = "<group>"; };
		2F761FAD2AADBF5E00F9D20D /* NaverShoppingListQuery.swift */ = {isa = PBXFileReference; lastKnownFileType = sourcecode.swift; path = NaverShoppingListQuery.swift; sourceTree = "<group>"; };
		2F761FAF2AADBF7500F9D20D /* NaverShoppingList.swift */ = {isa = PBXFileReference; lastKnownFileType = sourcecode.swift; path = NaverShoppingList.swift; sourceTree = "<group>"; };
		2F761FB12AADC24B00F9D20D /* NaverShoppingItem.swift */ = {isa = PBXFileReference; lastKnownFileType = sourcecode.swift; path = NaverShoppingItem.swift; sourceTree = "<group>"; };
		2F761FB32AADC2DC00F9D20D /* NaverShoppingListDTO.swift */ = {isa = PBXFileReference; lastKnownFileType = sourcecode.swift; path = NaverShoppingListDTO.swift; sourceTree = "<group>"; };
		2F761FB52AADC2E500F9D20D /* NaverShoppingItemDTO.swift */ = {isa = PBXFileReference; lastKnownFileType = sourcecode.swift; path = NaverShoppingItemDTO.swift; sourceTree = "<group>"; };
		2F761FB72AADC43000F9D20D /* ProductSearchRepositoryImpl.swift */ = {isa = PBXFileReference; lastKnownFileType = sourcecode.swift; path = ProductSearchRepositoryImpl.swift; sourceTree = "<group>"; };
		2F761FB92AADC52D00F9D20D /* ProductSearchRepository.swift */ = {isa = PBXFileReference; lastKnownFileType = sourcecode.swift; path = ProductSearchRepository.swift; sourceTree = "<group>"; };
		2F761FBB2AADC70200F9D20D /* ProductSearchUseCase.swift */ = {isa = PBXFileReference; lastKnownFileType = sourcecode.swift; path = ProductSearchUseCase.swift; sourceTree = "<group>"; };
		2F7721142AB2DF4C0091DA91 /* UIScreen+Ex.swift */ = {isa = PBXFileReference; lastKnownFileType = sourcecode.swift; path = "UIScreen+Ex.swift"; sourceTree = "<group>"; };
		2F7721212AB2E1CF0091DA91 /* RealmStorage.swift */ = {isa = PBXFileReference; lastKnownFileType = sourcecode.swift; path = RealmStorage.swift; sourceTree = "<group>"; };
		2F7721232AB2E24A0091DA91 /* ItemRealmDTO.swift */ = {isa = PBXFileReference; lastKnownFileType = sourcecode.swift; path = ItemRealmDTO.swift; sourceTree = "<group>"; };
		2F7721252AB2E7D20091DA91 /* RefineItem.swift */ = {isa = PBXFileReference; lastKnownFileType = sourcecode.swift; path = RefineItem.swift; sourceTree = "<group>"; };
		2FE08E2F2AB3EF170062138C /* RefineItemDataBaseRepository.swift */ = {isa = PBXFileReference; lastKnownFileType = sourcecode.swift; path = RefineItemDataBaseRepository.swift; sourceTree = "<group>"; };
		2FE08E312AB3EF520062138C /* RefineItemDataBaseRepositoryImpl.swift */ = {isa = PBXFileReference; lastKnownFileType = sourcecode.swift; path = RefineItemDataBaseRepositoryImpl.swift; sourceTree = "<group>"; };
		2FE08E332AB3F0090062138C /* Realm+Ex.swift */ = {isa = PBXFileReference; lastKnownFileType = sourcecode.swift; path = "Realm+Ex.swift"; sourceTree = "<group>"; };
		2FE08E352AB3F7CC0062138C /* RefineItemDataBaseUseCase.swift */ = {isa = PBXFileReference; lastKnownFileType = sourcecode.swift; path = RefineItemDataBaseUseCase.swift; sourceTree = "<group>"; };
		2FE1C6462AAEAB670025C801 /* SearchIntent.swift */ = {isa = PBXFileReference; lastKnownFileType = sourcecode.swift; path = SearchIntent.swift; sourceTree = "<group>"; };
		2FE1C6482AAEAB6E0025C801 /* SearchIntentProtocol.swift */ = {isa = PBXFileReference; lastKnownFileType = sourcecode.swift; path = SearchIntentProtocol.swift; sourceTree = "<group>"; };
		2FE1C64C2AAEAD300025C801 /* SearchView+Build.swift */ = {isa = PBXFileReference; lastKnownFileType = sourcecode.swift; path = "SearchView+Build.swift"; sourceTree = "<group>"; };
		2FE1C64E2AAEAD660025C801 /* SearchTypes.swift */ = {isa = PBXFileReference; lastKnownFileType = sourcecode.swift; path = SearchTypes.swift; sourceTree = "<group>"; };
		2FE1C6512AAEAEB60025C801 /* SearchModel.swift */ = {isa = PBXFileReference; lastKnownFileType = sourcecode.swift; path = SearchModel.swift; sourceTree = "<group>"; };
		2FE1C6532AAEAEBE0025C801 /* SearchModelProtocol.swift */ = {isa = PBXFileReference; lastKnownFileType = sourcecode.swift; path = SearchModelProtocol.swift; sourceTree = "<group>"; };
		2FE1C6552AAEB04F0025C801 /* SearchRouter.swift */ = {isa = PBXFileReference; lastKnownFileType = sourcecode.swift; path = SearchRouter.swift; sourceTree = "<group>"; };
		2FE1C6582AAEB0A80025C801 /* RouterProtocol.swift */ = {isa = PBXFileReference; lastKnownFileType = sourcecode.swift; path = RouterProtocol.swift; sourceTree = "<group>"; };
		2FE1C65A2AAEB0AE0025C801 /* RouterScreenProtocol.swift */ = {isa = PBXFileReference; lastKnownFileType = sourcecode.swift; path = RouterScreenProtocol.swift; sourceTree = "<group>"; };
		2FE1C65F2AAEB0EE0025C801 /* RouterAlertModifier.swift */ = {isa = PBXFileReference; lastKnownFileType = sourcecode.swift; path = RouterAlertModifier.swift; sourceTree = "<group>"; };
		2FE1C6612AAEB10A0025C801 /* RouterCloseModifier.swift */ = {isa = PBXFileReference; lastKnownFileType = sourcecode.swift; path = RouterCloseModifier.swift; sourceTree = "<group>"; };
		2FE1C6632AAEB11E0025C801 /* RouterNavigationStackModifier.swift */ = {isa = PBXFileReference; lastKnownFileType = sourcecode.swift; path = RouterNavigationStackModifier.swift; sourceTree = "<group>"; };
		2FE1C6652AAEB1440025C801 /* RouterNavigationViewModifier.swift */ = {isa = PBXFileReference; lastKnownFileType = sourcecode.swift; path = RouterNavigationViewModifier.swift; sourceTree = "<group>"; };
		2FE1C6672AAEB1540025C801 /* RouterSheetModifier.swift */ = {isa = PBXFileReference; lastKnownFileType = sourcecode.swift; path = RouterSheetModifier.swift; sourceTree = "<group>"; };
		2FE1C66A2AAED7520025C801 /* ItemDetailView.swift */ = {isa = PBXFileReference; lastKnownFileType = sourcecode.swift; path = ItemDetailView.swift; sourceTree = "<group>"; };
		2FE1C66C2AAEDB700025C801 /* ItemDetailView+Build.swift */ = {isa = PBXFileReference; lastKnownFileType = sourcecode.swift; path = "ItemDetailView+Build.swift"; sourceTree = "<group>"; };
		2FE1C66F2AAEDB8F0025C801 /* ItemDetailModel.swift */ = {isa = PBXFileReference; lastKnownFileType = sourcecode.swift; path = ItemDetailModel.swift; sourceTree = "<group>"; };
		2FE1C6712AAEDB980025C801 /* ItemDetailModelProtocol.swift */ = {isa = PBXFileReference; lastKnownFileType = sourcecode.swift; path = ItemDetailModelProtocol.swift; sourceTree = "<group>"; };
		2FE1C6762AAEDBE90025C801 /* ItemDetailTypes.swift */ = {isa = PBXFileReference; lastKnownFileType = sourcecode.swift; path = ItemDetailTypes.swift; sourceTree = "<group>"; };
		2FE1C6782AAEDC890025C801 /* ItemDetailRouter.swift */ = {isa = PBXFileReference; lastKnownFileType = sourcecode.swift; path = ItemDetailRouter.swift; sourceTree = "<group>"; };
		2FE1C67A2AAEDCC10025C801 /* ItemDetailIntentProtocol.swift */ = {isa = PBXFileReference; lastKnownFileType = sourcecode.swift; path = ItemDetailIntentProtocol.swift; sourceTree = "<group>"; };
		2FE1C67C2AAEDCE10025C801 /* ItemDetailIntent.swift */ = {isa = PBXFileReference; lastKnownFileType = sourcecode.swift; path = ItemDetailIntent.swift; sourceTree = "<group>"; };
		2FE1C67F2AAFEA030025C801 /* ImageCache.swift */ = {isa = PBXFileReference; lastKnownFileType = sourcecode.swift; path = ImageCache.swift; sourceTree = "<group>"; };
		2FE1C6882AB14D7A0025C801 /* CasheableImage.swift */ = {isa = PBXFileReference; lastKnownFileType = sourcecode.swift; path = CasheableImage.swift; sourceTree = "<group>"; };
		2FE1C68C2AB151890025C801 /* ImageCacheError.swift */ = {isa = PBXFileReference; lastKnownFileType = sourcecode.swift; path = ImageCacheError.swift; sourceTree = "<group>"; };
		2FE1C68E2AB181300025C801 /* LoadingState.swift */ = {isa = PBXFileReference; lastKnownFileType = sourcecode.swift; path = LoadingState.swift; sourceTree = "<group>"; };
		2FF45F7E2AAD921000B22904 /* RecapShopping.app */ = {isa = PBXFileReference; explicitFileType = wrapper.application; includeInIndex = 0; path = RecapShopping.app; sourceTree = BUILT_PRODUCTS_DIR; };
		2FF45F812AAD921000B22904 /* RecapShoppingApp.swift */ = {isa = PBXFileReference; lastKnownFileType = sourcecode.swift; path = RecapShoppingApp.swift; sourceTree = "<group>"; };
		2FF45F852AAD921100B22904 /* Assets.xcassets */ = {isa = PBXFileReference; lastKnownFileType = folder.assetcatalog; path = Assets.xcassets; sourceTree = "<group>"; };
		2FF45F872AAD921100B22904 /* RecapShopping.entitlements */ = {isa = PBXFileReference; lastKnownFileType = text.plist.entitlements; path = RecapShopping.entitlements; sourceTree = "<group>"; };
		2FF45F892AAD921100B22904 /* Preview Assets.xcassets */ = {isa = PBXFileReference; lastKnownFileType = folder.assetcatalog; path = "Preview Assets.xcassets"; sourceTree = "<group>"; };
		2FF45F9D2AADA51000B22904 /* MVIContainer.swift */ = {isa = PBXFileReference; lastKnownFileType = sourcecode.swift; path = MVIContainer.swift; sourceTree = "<group>"; };
		2FF45F9F2AADABFC00B22904 /* TabView.swift */ = {isa = PBXFileReference; lastKnownFileType = sourcecode.swift; path = TabView.swift; sourceTree = "<group>"; };
		2FF45FA12AADAC3700B22904 /* SearchView.swift */ = {isa = PBXFileReference; lastKnownFileType = sourcecode.swift; path = SearchView.swift; sourceTree = "<group>"; };
		2FF45FA92AADB2AB00B22904 /* CategoryModel.swift */ = {isa = PBXFileReference; lastKnownFileType = sourcecode.swift; path = CategoryModel.swift; sourceTree = "<group>"; };
/* End PBXFileReference section */

/* Begin PBXFrameworksBuildPhase section */
		2FF45F7B2AAD921000B22904 /* Frameworks */ = {
			isa = PBXFrameworksBuildPhase;
			buildActionMask = 2147483647;
			files = (
				2F77211E2AB2E1790091DA91 /* RealmSwift in Frameworks */,
				2F77211C2AB2E1790091DA91 /* Realm in Frameworks */,
			);
			runOnlyForDeploymentPostprocessing = 0;
		};
/* End PBXFrameworksBuildPhase section */

/* Begin PBXGroup section */
		2F761F9D2AADBC5200F9D20D /* DTO */ = {
			isa = PBXGroup;
			children = (
				2F761F9E2AADBC8000F9D20D /* Response */,
			);
			path = DTO;
			sourceTree = "<group>";
		};
		2F761F9E2AADBC8000F9D20D /* Response */ = {
			isa = PBXGroup;
			children = (
				2F761FB32AADC2DC00F9D20D /* NaverShoppingListDTO.swift */,
				2F761FB52AADC2E500F9D20D /* NaverShoppingItemDTO.swift */,
			);
			path = Response;
			sourceTree = "<group>";
		};
		2F761FAB2AADBF0B00F9D20D /* Query */ = {
			isa = PBXGroup;
			children = (
				2F761FAD2AADBF5E00F9D20D /* NaverShoppingListQuery.swift */,
			);
			path = Query;
			sourceTree = "<group>";
		};
		2F761FAC2AADBF1000F9D20D /* Model */ = {
			isa = PBXGroup;
			children = (
				2FF45FA92AADB2AB00B22904 /* CategoryModel.swift */,
				2F761FAF2AADBF7500F9D20D /* NaverShoppingList.swift */,
				2F761FB12AADC24B00F9D20D /* NaverShoppingItem.swift */,
				2F7721252AB2E7D20091DA91 /* RefineItem.swift */,
			);
			path = Model;
			sourceTree = "<group>";
		};
		2F77211F2AB2E1890091DA91 /* Storage */ = {
			isa = PBXGroup;
			children = (
				2F7721212AB2E1CF0091DA91 /* RealmStorage.swift */,
			);
			path = Storage;
			sourceTree = "<group>";
		};
		2F7721202AB2E18E0091DA91 /* DTO */ = {
			isa = PBXGroup;
			children = (
				2F7721232AB2E24A0091DA91 /* ItemRealmDTO.swift */,
			);
			path = DTO;
			sourceTree = "<group>";
		};
		2FE1C6442AAEAB4E0025C801 /* View */ = {
			isa = PBXGroup;
			children = (
				2FF45FA12AADAC3700B22904 /* SearchView.swift */,
				2FE1C64C2AAEAD300025C801 /* SearchView+Build.swift */,
			);
			path = View;
			sourceTree = "<group>";
		};
		2FE1C6452AAEAB540025C801 /* Intent */ = {
			isa = PBXGroup;
			children = (
				2FE1C6462AAEAB670025C801 /* SearchIntent.swift */,
				2FE1C6482AAEAB6E0025C801 /* SearchIntentProtocol.swift */,
			);
			path = Intent;
			sourceTree = "<group>";
		};
		2FE1C64A2AAEACF10025C801 /* Model */ = {
			isa = PBXGroup;
			children = (
				2FE1C6512AAEAEB60025C801 /* SearchModel.swift */,
				2FE1C6532AAEAEBE0025C801 /* SearchModelProtocol.swift */,
			);
			path = Model;
			sourceTree = "<group>";
		};
		2FE1C64B2AAEACF80025C801 /* Router */ = {
			isa = PBXGroup;
			children = (
				2FE1C6552AAEB04F0025C801 /* SearchRouter.swift */,
			);
			path = Router;
			sourceTree = "<group>";
		};
		2FE1C6502AAEADA50025C801 /* Type */ = {
			isa = PBXGroup;
			children = (
				2FE1C64E2AAEAD660025C801 /* SearchTypes.swift */,
			);
			path = Type;
			sourceTree = "<group>";
		};
		2FE1C6572AAEB0A10025C801 /* Router */ = {
			isa = PBXGroup;
			children = (
				2FE1C6582AAEB0A80025C801 /* RouterProtocol.swift */,
				2FE1C65A2AAEB0AE0025C801 /* RouterScreenProtocol.swift */,
				2FE1C65E2AAEB0E30025C801 /* Modifier */,
			);
			path = Router;
			sourceTree = "<group>";
		};
		2FE1C65E2AAEB0E30025C801 /* Modifier */ = {
			isa = PBXGroup;
			children = (
				2FE1C65F2AAEB0EE0025C801 /* RouterAlertModifier.swift */,
				2FE1C6612AAEB10A0025C801 /* RouterCloseModifier.swift */,
				2FE1C6632AAEB11E0025C801 /* RouterNavigationStackModifier.swift */,
				2FE1C6652AAEB1440025C801 /* RouterNavigationViewModifier.swift */,
				2FE1C6672AAEB1540025C801 /* RouterSheetModifier.swift */,
			);
			path = Modifier;
			sourceTree = "<group>";
		};
		2FE1C6692AAEB1C90025C801 /* View */ = {
			isa = PBXGroup;
			children = (
				2FE1C66A2AAED7520025C801 /* ItemDetailView.swift */,
				2FE1C66C2AAEDB700025C801 /* ItemDetailView+Build.swift */,
			);
			path = View;
			sourceTree = "<group>";
		};
		2FE1C66E2AAEDB820025C801 /* Model */ = {
			isa = PBXGroup;
			children = (
				2FE1C66F2AAEDB8F0025C801 /* ItemDetailModel.swift */,
				2FE1C6712AAEDB980025C801 /* ItemDetailModelProtocol.swift */,
			);
			path = Model;
			sourceTree = "<group>";
		};
		2FE1C6732AAEDBA50025C801 /* Intent */ = {
			isa = PBXGroup;
			children = (
				2FE1C67A2AAEDCC10025C801 /* ItemDetailIntentProtocol.swift */,
				2FE1C67C2AAEDCE10025C801 /* ItemDetailIntent.swift */,
			);
			path = Intent;
			sourceTree = "<group>";
		};
		2FE1C6742AAEDBBE0025C801 /* Router */ = {
			isa = PBXGroup;
			children = (
				2FE1C6782AAEDC890025C801 /* ItemDetailRouter.swift */,
			);
			path = Router;
			sourceTree = "<group>";
		};
		2FE1C67E2AAFE9E10025C801 /* DataTransform */ = {
			isa = PBXGroup;
			children = (
				2FE1C6812AAFEC850025C801 /* Image */,
			);
			path = DataTransform;
			sourceTree = "<group>";
		};
		2FE1C6812AAFEC850025C801 /* Image */ = {
			isa = PBXGroup;
			children = (
				2FE1C67F2AAFEA030025C801 /* ImageCache.swift */,
				2FE1C6882AB14D7A0025C801 /* CasheableImage.swift */,
				2FE1C68C2AB151890025C801 /* ImageCacheError.swift */,
			);
			path = Image;
			sourceTree = "<group>";
		};
		2FF45F752AAD921000B22904 = {
			isa = PBXGroup;
			children = (
				2FF45F802AAD921000B22904 /* RecapShopping */,
				2FF45F7F2AAD921000B22904 /* Products */,
			);
			sourceTree = "<group>";
		};
		2FF45F7F2AAD921000B22904 /* Products */ = {
			isa = PBXGroup;
			children = (
				2FF45F7E2AAD921000B22904 /* RecapShopping.app */,
			);
			name = Products;
			sourceTree = "<group>";
		};
		2FF45F802AAD921000B22904 /* RecapShopping */ = {
			isa = PBXGroup;
			children = (
				2FF45F912AAD923200B22904 /* Resource */,
				2FF45F902AAD922D00B22904 /* Source */,
				2FF45F882AAD921100B22904 /* Preview Content */,
			);
			path = RecapShopping;
			sourceTree = "<group>";
		};
		2FF45F882AAD921100B22904 /* Preview Content */ = {
			isa = PBXGroup;
			children = (
				2FF45F892AAD921100B22904 /* Preview Assets.xcassets */,
			);
			path = "Preview Content";
			sourceTree = "<group>";
		};
		2FF45F902AAD922D00B22904 /* Source */ = {
			isa = PBXGroup;
			children = (
				2FF45FA32AADACD600B22904 /* Application */,
				2FF45F9B2AADA4D700B22904 /* Present */,
				2FF45FA62AADB08000B22904 /* Data */,
				2FF45FA72AADB08600B22904 /* Domain */,
				2FF45F9A2AADA49700B22904 /* Utilites */,
			);
			path = Source;
			sourceTree = "<group>";
		};
		2FF45F912AAD923200B22904 /* Resource */ = {
			isa = PBXGroup;
			children = (
				2FF45F872AAD921100B22904 /* RecapShopping.entitlements */,
				2FF45F852AAD921100B22904 /* Assets.xcassets */,
			);
			path = Resource;
			sourceTree = "<group>";
		};
		2FF45F952AAD965A00B22904 /* Tab */ = {
			isa = PBXGroup;
			children = (
				2FF45F9F2AADABFC00B22904 /* TabView.swift */,
			);
			path = Tab;
			sourceTree = "<group>";
		};
		2FF45F962AADA2B600B22904 /* Search */ = {
			isa = PBXGroup;
			children = (
				2FE1C6502AAEADA50025C801 /* Type */,
				2FE1C64B2AAEACF80025C801 /* Router */,
				2FE1C64A2AAEACF10025C801 /* Model */,
				2FE1C6452AAEAB540025C801 /* Intent */,
				2FE1C6442AAEAB4E0025C801 /* View */,
			);
			path = Search;
			sourceTree = "<group>";
		};
		2FF45F972AADA2C400B22904 /* Like */ = {
			isa = PBXGroup;
			children = (
			);
			path = Like;
			sourceTree = "<group>";
		};
		2FF45F982AADA31F00B22904 /* ItemDetail */ = {
			isa = PBXGroup;
			children = (
				2FE1C6762AAEDBE90025C801 /* ItemDetailTypes.swift */,
				2FE1C66E2AAEDB820025C801 /* Model */,
				2FE1C6692AAEB1C90025C801 /* View */,
				2FE1C6732AAEDBA50025C801 /* Intent */,
				2FE1C6742AAEDBBE0025C801 /* Router */,
			);
			path = ItemDetail;
			sourceTree = "<group>";
		};
		2FF45F992AADA49200B22904 /* Services */ = {
			isa = PBXGroup;
			children = (
				2F761F9F2AADBCB200F9D20D /* Service.swift */,
				2F761FA12AADBCE300F9D20D /* Router.swift */,
				2F761FA72AADBD2400F9D20D /* NetworkError.swift */,
				2F761FA32AADBCFB00F9D20D /* TargetType.swift */,
				2F761FA52AADBD0E00F9D20D /* HTTPMethod.swift */,
				2F761FA92AADBDD700F9D20D /* APIKey.swift */,
			);
			path = Services;
			sourceTree = "<group>";
		};
		2FF45F9A2AADA49700B22904 /* Utilites */ = {
			isa = PBXGroup;
			children = (
				2FE1C67E2AAFE9E10025C801 /* DataTransform */,
				2FE1C6572AAEB0A10025C801 /* Router */,
				2FF45FA52AADAD1400B22904 /* Extension */,
				2FF45FA42AADAD0D00B22904 /* Enum */,
				2FF45F9C2AADA50200B22904 /* MVIContainer */,
			);
			path = Utilites;
			sourceTree = "<group>";
		};
		2FF45F9B2AADA4D700B22904 /* Present */ = {
			isa = PBXGroup;
			children = (
				2FF45F952AAD965A00B22904 /* Tab */,
				2FF45F962AADA2B600B22904 /* Search */,
				2FF45F972AADA2C400B22904 /* Like */,
				2FF45F982AADA31F00B22904 /* ItemDetail */,
			);
			path = Present;
			sourceTree = "<group>";
		};
		2FF45F9C2AADA50200B22904 /* MVIContainer */ = {
			isa = PBXGroup;
			children = (
				2FF45F9D2AADA51000B22904 /* MVIContainer.swift */,
			);
			path = MVIContainer;
			sourceTree = "<group>";
		};
		2FF45FA32AADACD600B22904 /* Application */ = {
			isa = PBXGroup;
			children = (
				2FF45F812AAD921000B22904 /* RecapShoppingApp.swift */,
			);
			path = Application;
			sourceTree = "<group>";
		};
		2FF45FA42AADAD0D00B22904 /* Enum */ = {
			isa = PBXGroup;
			children = (
				2FE1C68E2AB181300025C801 /* LoadingState.swift */,
			);
			path = Enum;
			sourceTree = "<group>";
		};
		2FF45FA52AADAD1400B22904 /* Extension */ = {
			isa = PBXGroup;
			children = (
				2F7721142AB2DF4C0091DA91 /* UIScreen+Ex.swift */,
				2FE08E332AB3F0090062138C /* Realm+Ex.swift */,
			);
			path = Extension;
			sourceTree = "<group>";
		};
		2FF45FA62AADB08000B22904 /* Data */ = {
			isa = PBXGroup;
			children = (
				2FF45FAE2AADB44D00B22904 /* RealmDataStorage */,
				2FF45FAD2AADB43100B22904 /* RepositoryImpl */,
				2FF45FAC2AADB41E00B22904 /* Network */,
			);
			path = Data;
			sourceTree = "<group>";
		};
		2FF45FA72AADB08600B22904 /* Domain */ = {
			isa = PBXGroup;
			children = (
				2FF45FB32AADB4C200B22904 /* Entities */,
				2FF45FB02AADB47000B22904 /* Interfaces */,
				2FF45FAF2AADB46D00B22904 /* UseCases */,
			);
			path = Domain;
			sourceTree = "<group>";
		};
		2FF45FAC2AADB41E00B22904 /* Network */ = {
			isa = PBXGroup;
			children = (
				2F761F9D2AADBC5200F9D20D /* DTO */,
				2FF45F992AADA49200B22904 /* Services */,
			);
			path = Network;
			sourceTree = "<group>";
		};
		2FF45FAD2AADB43100B22904 /* RepositoryImpl */ = {
			isa = PBXGroup;
			children = (
				2F761FB72AADC43000F9D20D /* ProductSearchRepositoryImpl.swift */,
				2FE08E312AB3EF520062138C /* RefineItemDataBaseRepositoryImpl.swift */,
			);
			path = RepositoryImpl;
			sourceTree = "<group>";
		};
		2FF45FAE2AADB44D00B22904 /* RealmDataStorage */ = {
			isa = PBXGroup;
			children = (
				2F7721202AB2E18E0091DA91 /* DTO */,
				2F77211F2AB2E1890091DA91 /* Storage */,
			);
			path = RealmDataStorage;
			sourceTree = "<group>";
		};
		2FF45FAF2AADB46D00B22904 /* UseCases */ = {
			isa = PBXGroup;
			children = (
				2F761FBB2AADC70200F9D20D /* ProductSearchUseCase.swift */,
				2FE08E352AB3F7CC0062138C /* RefineItemDataBaseUseCase.swift */,
			);
			path = UseCases;
			sourceTree = "<group>";
		};
		2FF45FB02AADB47000B22904 /* Interfaces */ = {
			isa = PBXGroup;
			children = (
				2F761FB92AADC52D00F9D20D /* ProductSearchRepository.swift */,
				2FE08E2F2AB3EF170062138C /* RefineItemDataBaseRepository.swift */,
			);
			path = Interfaces;
			sourceTree = "<group>";
		};
		2FF45FB32AADB4C200B22904 /* Entities */ = {
			isa = PBXGroup;
			children = (
				2F761FAC2AADBF1000F9D20D /* Model */,
				2F761FAB2AADBF0B00F9D20D /* Query */,
			);
			path = Entities;
			sourceTree = "<group>";
		};
/* End PBXGroup section */

/* Begin PBXNativeTarget section */
		2FF45F7D2AAD921000B22904 /* RecapShopping */ = {
			isa = PBXNativeTarget;
			buildConfigurationList = 2FF45F8D2AAD921100B22904 /* Build configuration list for PBXNativeTarget "RecapShopping" */;
			buildPhases = (
				2FF45F7A2AAD921000B22904 /* Sources */,
				2FF45F7B2AAD921000B22904 /* Frameworks */,
				2FF45F7C2AAD921000B22904 /* Resources */,
			);
			buildRules = (
			);
			dependencies = (
			);
			name = RecapShopping;
			packageProductDependencies = (
				2F77211B2AB2E1790091DA91 /* Realm */,
				2F77211D2AB2E1790091DA91 /* RealmSwift */,
			);
			productName = RecapShopping;
			productReference = 2FF45F7E2AAD921000B22904 /* RecapShopping.app */;
			productType = "com.apple.product-type.application";
		};
/* End PBXNativeTarget section */

/* Begin PBXProject section */
		2FF45F762AAD921000B22904 /* Project object */ = {
			isa = PBXProject;
			attributes = {
				BuildIndependentTargetsInParallel = 1;
				LastSwiftUpdateCheck = 1430;
				LastUpgradeCheck = 1430;
				TargetAttributes = {
					2FF45F7D2AAD921000B22904 = {
						CreatedOnToolsVersion = 14.3;
					};
				};
			};
			buildConfigurationList = 2FF45F792AAD921000B22904 /* Build configuration list for PBXProject "RecapShopping" */;
			compatibilityVersion = "Xcode 14.0";
			developmentRegion = en;
			hasScannedForEncodings = 0;
			knownRegions = (
				en,
				Base,
			);
			mainGroup = 2FF45F752AAD921000B22904;
			packageReferences = (
				2F77211A2AB2E1790091DA91 /* XCRemoteSwiftPackageReference "realm-swift" */,
			);
			productRefGroup = 2FF45F7F2AAD921000B22904 /* Products */;
			projectDirPath = "";
			projectRoot = "";
			targets = (
				2FF45F7D2AAD921000B22904 /* RecapShopping */,
			);
		};
/* End PBXProject section */

/* Begin PBXResourcesBuildPhase section */
		2FF45F7C2AAD921000B22904 /* Resources */ = {
			isa = PBXResourcesBuildPhase;
			buildActionMask = 2147483647;
			files = (
				2FF45F8A2AAD921100B22904 /* Preview Assets.xcassets in Resources */,
				2FF45F862AAD921100B22904 /* Assets.xcassets in Resources */,
			);
			runOnlyForDeploymentPostprocessing = 0;
		};
/* End PBXResourcesBuildPhase section */

/* Begin PBXSourcesBuildPhase section */
		2FF45F7A2AAD921000B22904 /* Sources */ = {
			isa = PBXSourcesBuildPhase;
			buildActionMask = 2147483647;
			files = (
				2FE08E302AB3EF170062138C /* RefineItemDataBaseRepository.swift in Sources */,
				2FE1C68F2AB181300025C801 /* LoadingState.swift in Sources */,
				2FE1C6602AAEB0EE0025C801 /* RouterAlertModifier.swift in Sources */,
				2FE1C6792AAEDC890025C801 /* ItemDetailRouter.swift in Sources */,
				2FE1C6772AAEDBE90025C801 /* ItemDetailTypes.swift in Sources */,
				2F7721242AB2E24A0091DA91 /* ItemRealmDTO.swift in Sources */,
				2F7721152AB2DF4C0091DA91 /* UIScreen+Ex.swift in Sources */,
				2FF45FA22AADAC3700B22904 /* SearchView.swift in Sources */,
				2FE1C67D2AAEDCE10025C801 /* ItemDetailIntent.swift in Sources */,
				2FE1C6472AAEAB670025C801 /* SearchIntent.swift in Sources */,
				2F761FB22AADC24B00F9D20D /* NaverShoppingItem.swift in Sources */,
				2FE1C6682AAEB1540025C801 /* RouterSheetModifier.swift in Sources */,
				2FE1C6542AAEAEBE0025C801 /* SearchModelProtocol.swift in Sources */,
				2F7721222AB2E1CF0091DA91 /* RealmStorage.swift in Sources */,
				2FE1C68D2AB151890025C801 /* ImageCacheError.swift in Sources */,
				2FE1C6522AAEAEB60025C801 /* SearchModel.swift in Sources */,
				2F761FB82AADC43000F9D20D /* ProductSearchRepositoryImpl.swift in Sources */,
				2FE1C66B2AAED7520025C801 /* ItemDetailView.swift in Sources */,
				2FE1C6642AAEB11E0025C801 /* RouterNavigationStackModifier.swift in Sources */,
				2FE1C66D2AAEDB700025C801 /* ItemDetailView+Build.swift in Sources */,
				2F761FB02AADBF7500F9D20D /* NaverShoppingList.swift in Sources */,
				2F761FAE2AADBF5E00F9D20D /* NaverShoppingListQuery.swift in Sources */,
				2FF45F9E2AADA51000B22904 /* MVIContainer.swift in Sources */,
				2FE1C6592AAEB0A80025C801 /* RouterProtocol.swift in Sources */,
				2FE08E322AB3EF520062138C /* RefineItemDataBaseRepositoryImpl.swift in Sources */,
				2FF45FA02AADABFC00B22904 /* TabView.swift in Sources */,
				2FE1C6622AAEB10A0025C801 /* RouterCloseModifier.swift in Sources */,
				2F761FBC2AADC70200F9D20D /* ProductSearchUseCase.swift in Sources */,
				2FE1C6492AAEAB6E0025C801 /* SearchIntentProtocol.swift in Sources */,
				2FE1C6562AAEB04F0025C801 /* SearchRouter.swift in Sources */,
				2F7721262AB2E7D20091DA91 /* RefineItem.swift in Sources */,
				2F761FA22AADBCE300F9D20D /* Router.swift in Sources */,
				2FE1C64D2AAEAD300025C801 /* SearchView+Build.swift in Sources */,
				2F761FA42AADBCFB00F9D20D /* TargetType.swift in Sources */,
				2FE08E342AB3F0090062138C /* Realm+Ex.swift in Sources */,
				2FE1C6802AAFEA030025C801 /* ImageCache.swift in Sources */,
				2F761FBA2AADC52D00F9D20D /* ProductSearchRepository.swift in Sources */,
				2FE1C64F2AAEAD660025C801 /* SearchTypes.swift in Sources */,
				2F761FB42AADC2DC00F9D20D /* NaverShoppingListDTO.swift in Sources */,
				2F761FA62AADBD0E00F9D20D /* HTTPMethod.swift in Sources */,
				2FE1C6662AAEB1440025C801 /* RouterNavigationViewModifier.swift in Sources */,
				2F761FAA2AADBDD700F9D20D /* APIKey.swift in Sources */,
				2FE1C6722AAEDB980025C801 /* ItemDetailModelProtocol.swift in Sources */,
				2FF45FAA2AADB2AB00B22904 /* CategoryModel.swift in Sources */,
				2FF45F822AAD921000B22904 /* RecapShoppingApp.swift in Sources */,
				2FE1C6702AAEDB8F0025C801 /* ItemDetailModel.swift in Sources */,
				2FE1C6892AB14D7A0025C801 /* CasheableImage.swift in Sources */,
				2FE1C65B2AAEB0AE0025C801 /* RouterScreenProtocol.swift in Sources */,
				2F761FA02AADBCB200F9D20D /* Service.swift in Sources */,
				2F761FA82AADBD2400F9D20D /* NetworkError.swift in Sources */,
				2FE08E362AB3F7CC0062138C /* RefineItemDataBaseUseCase.swift in Sources */,
				2F761FB62AADC2E500F9D20D /* NaverShoppingItemDTO.swift in Sources */,
				2FE1C67B2AAEDCC10025C801 /* ItemDetailIntentProtocol.swift in Sources */,
			);
			runOnlyForDeploymentPostprocessing = 0;
		};
/* End PBXSourcesBuildPhase section */

/* Begin XCBuildConfiguration section */
		2FF45F8B2AAD921100B22904 /* Debug */ = {
			isa = XCBuildConfiguration;
			buildSettings = {
				ALWAYS_SEARCH_USER_PATHS = NO;
				CLANG_ANALYZER_NONNULL = YES;
				CLANG_ANALYZER_NUMBER_OBJECT_CONVERSION = YES_AGGRESSIVE;
				CLANG_CXX_LANGUAGE_STANDARD = "gnu++20";
				CLANG_ENABLE_MODULES = YES;
				CLANG_ENABLE_OBJC_ARC = YES;
				CLANG_ENABLE_OBJC_WEAK = YES;
				CLANG_WARN_BLOCK_CAPTURE_AUTORELEASING = YES;
				CLANG_WARN_BOOL_CONVERSION = YES;
				CLANG_WARN_COMMA = YES;
				CLANG_WARN_CONSTANT_CONVERSION = YES;
				CLANG_WARN_DEPRECATED_OBJC_IMPLEMENTATIONS = YES;
				CLANG_WARN_DIRECT_OBJC_ISA_USAGE = YES_ERROR;
				CLANG_WARN_DOCUMENTATION_COMMENTS = YES;
				CLANG_WARN_EMPTY_BODY = YES;
				CLANG_WARN_ENUM_CONVERSION = YES;
				CLANG_WARN_INFINITE_RECURSION = YES;
				CLANG_WARN_INT_CONVERSION = YES;
				CLANG_WARN_NON_LITERAL_NULL_CONVERSION = YES;
				CLANG_WARN_OBJC_IMPLICIT_RETAIN_SELF = YES;
				CLANG_WARN_OBJC_LITERAL_CONVERSION = YES;
				CLANG_WARN_OBJC_ROOT_CLASS = YES_ERROR;
				CLANG_WARN_QUOTED_INCLUDE_IN_FRAMEWORK_HEADER = YES;
				CLANG_WARN_RANGE_LOOP_ANALYSIS = YES;
				CLANG_WARN_STRICT_PROTOTYPES = YES;
				CLANG_WARN_SUSPICIOUS_MOVE = YES;
				CLANG_WARN_UNGUARDED_AVAILABILITY = YES_AGGRESSIVE;
				CLANG_WARN_UNREACHABLE_CODE = YES;
				CLANG_WARN__DUPLICATE_METHOD_MATCH = YES;
				COPY_PHASE_STRIP = NO;
				DEBUG_INFORMATION_FORMAT = dwarf;
				ENABLE_STRICT_OBJC_MSGSEND = YES;
				ENABLE_TESTABILITY = YES;
				GCC_C_LANGUAGE_STANDARD = gnu11;
				GCC_DYNAMIC_NO_PIC = NO;
				GCC_NO_COMMON_BLOCKS = YES;
				GCC_OPTIMIZATION_LEVEL = 0;
				GCC_PREPROCESSOR_DEFINITIONS = (
					"DEBUG=1",
					"$(inherited)",
				);
				GCC_WARN_64_TO_32_BIT_CONVERSION = YES;
				GCC_WARN_ABOUT_RETURN_TYPE = YES_ERROR;
				GCC_WARN_UNDECLARED_SELECTOR = YES;
				GCC_WARN_UNINITIALIZED_AUTOS = YES_AGGRESSIVE;
				GCC_WARN_UNUSED_FUNCTION = YES;
				GCC_WARN_UNUSED_VARIABLE = YES;
				MTL_ENABLE_DEBUG_INFO = INCLUDE_SOURCE;
				MTL_FAST_MATH = YES;
				ONLY_ACTIVE_ARCH = YES;
				SWIFT_ACTIVE_COMPILATION_CONDITIONS = DEBUG;
				SWIFT_OPTIMIZATION_LEVEL = "-Onone";
			};
			name = Debug;
		};
		2FF45F8C2AAD921100B22904 /* Release */ = {
			isa = XCBuildConfiguration;
			buildSettings = {
				ALWAYS_SEARCH_USER_PATHS = NO;
				CLANG_ANALYZER_NONNULL = YES;
				CLANG_ANALYZER_NUMBER_OBJECT_CONVERSION = YES_AGGRESSIVE;
				CLANG_CXX_LANGUAGE_STANDARD = "gnu++20";
				CLANG_ENABLE_MODULES = YES;
				CLANG_ENABLE_OBJC_ARC = YES;
				CLANG_ENABLE_OBJC_WEAK = YES;
				CLANG_WARN_BLOCK_CAPTURE_AUTORELEASING = YES;
				CLANG_WARN_BOOL_CONVERSION = YES;
				CLANG_WARN_COMMA = YES;
				CLANG_WARN_CONSTANT_CONVERSION = YES;
				CLANG_WARN_DEPRECATED_OBJC_IMPLEMENTATIONS = YES;
				CLANG_WARN_DIRECT_OBJC_ISA_USAGE = YES_ERROR;
				CLANG_WARN_DOCUMENTATION_COMMENTS = YES;
				CLANG_WARN_EMPTY_BODY = YES;
				CLANG_WARN_ENUM_CONVERSION = YES;
				CLANG_WARN_INFINITE_RECURSION = YES;
				CLANG_WARN_INT_CONVERSION = YES;
				CLANG_WARN_NON_LITERAL_NULL_CONVERSION = YES;
				CLANG_WARN_OBJC_IMPLICIT_RETAIN_SELF = YES;
				CLANG_WARN_OBJC_LITERAL_CONVERSION = YES;
				CLANG_WARN_OBJC_ROOT_CLASS = YES_ERROR;
				CLANG_WARN_QUOTED_INCLUDE_IN_FRAMEWORK_HEADER = YES;
				CLANG_WARN_RANGE_LOOP_ANALYSIS = YES;
				CLANG_WARN_STRICT_PROTOTYPES = YES;
				CLANG_WARN_SUSPICIOUS_MOVE = YES;
				CLANG_WARN_UNGUARDED_AVAILABILITY = YES_AGGRESSIVE;
				CLANG_WARN_UNREACHABLE_CODE = YES;
				CLANG_WARN__DUPLICATE_METHOD_MATCH = YES;
				COPY_PHASE_STRIP = NO;
				DEBUG_INFORMATION_FORMAT = "dwarf-with-dsym";
				ENABLE_NS_ASSERTIONS = NO;
				ENABLE_STRICT_OBJC_MSGSEND = YES;
				GCC_C_LANGUAGE_STANDARD = gnu11;
				GCC_NO_COMMON_BLOCKS = YES;
				GCC_WARN_64_TO_32_BIT_CONVERSION = YES;
				GCC_WARN_ABOUT_RETURN_TYPE = YES_ERROR;
				GCC_WARN_UNDECLARED_SELECTOR = YES;
				GCC_WARN_UNINITIALIZED_AUTOS = YES_AGGRESSIVE;
				GCC_WARN_UNUSED_FUNCTION = YES;
				GCC_WARN_UNUSED_VARIABLE = YES;
				MTL_ENABLE_DEBUG_INFO = NO;
				MTL_FAST_MATH = YES;
				SWIFT_COMPILATION_MODE = wholemodule;
				SWIFT_OPTIMIZATION_LEVEL = "-O";
			};
			name = Release;
		};
		2FF45F8E2AAD921100B22904 /* Debug */ = {
			isa = XCBuildConfiguration;
			buildSettings = {
				ASSETCATALOG_COMPILER_APPICON_NAME = AppIcon;
				ASSETCATALOG_COMPILER_GLOBAL_ACCENT_COLOR_NAME = AccentColor;
				CODE_SIGN_ENTITLEMENTS = RecapShopping/Resource/RecapShopping.entitlements;
				CODE_SIGN_STYLE = Automatic;
				CURRENT_PROJECT_VERSION = 1;
				DEVELOPMENT_ASSET_PATHS = "\"RecapShopping/Preview Content\"";
				DEVELOPMENT_TEAM = LL4R66V6Y3;
				ENABLE_HARDENED_RUNTIME = YES;
				ENABLE_PREVIEWS = YES;
				GENERATE_INFOPLIST_FILE = YES;
				"INFOPLIST_KEY_UIApplicationSceneManifest_Generation[sdk=iphoneos*]" = YES;
				"INFOPLIST_KEY_UIApplicationSceneManifest_Generation[sdk=iphonesimulator*]" = YES;
				"INFOPLIST_KEY_UIApplicationSupportsIndirectInputEvents[sdk=iphoneos*]" = YES;
				"INFOPLIST_KEY_UIApplicationSupportsIndirectInputEvents[sdk=iphonesimulator*]" = YES;
				"INFOPLIST_KEY_UILaunchScreen_Generation[sdk=iphoneos*]" = YES;
				"INFOPLIST_KEY_UILaunchScreen_Generation[sdk=iphonesimulator*]" = YES;
				"INFOPLIST_KEY_UIStatusBarStyle[sdk=iphoneos*]" = UIStatusBarStyleDefault;
				"INFOPLIST_KEY_UIStatusBarStyle[sdk=iphonesimulator*]" = UIStatusBarStyleDefault;
				INFOPLIST_KEY_UISupportedInterfaceOrientations_iPad = "UIInterfaceOrientationPortrait UIInterfaceOrientationPortraitUpsideDown UIInterfaceOrientationLandscapeLeft UIInterfaceOrientationLandscapeRight";
				INFOPLIST_KEY_UISupportedInterfaceOrientations_iPhone = "UIInterfaceOrientationPortrait UIInterfaceOrientationLandscapeLeft UIInterfaceOrientationLandscapeRight";
				IPHONEOS_DEPLOYMENT_TARGET = 16.4;
				LD_RUNPATH_SEARCH_PATHS = "@executable_path/Frameworks";
				"LD_RUNPATH_SEARCH_PATHS[sdk=macosx*]" = "@executable_path/../Frameworks";
				MACOSX_DEPLOYMENT_TARGET = 13.3;
				MARKETING_VERSION = 1.0;
				PRODUCT_BUNDLE_IDENTIFIER = com.cody.RecapShopping;
				PRODUCT_NAME = "$(TARGET_NAME)";
				SDKROOT = auto;
				SUPPORTED_PLATFORMS = "iphoneos iphonesimulator macosx";
				SWIFT_EMIT_LOC_STRINGS = YES;
				SWIFT_VERSION = 5.0;
				TARGETED_DEVICE_FAMILY = "1,2";
			};
			name = Debug;
		};
		2FF45F8F2AAD921100B22904 /* Release */ = {
			isa = XCBuildConfiguration;
			buildSettings = {
				ASSETCATALOG_COMPILER_APPICON_NAME = AppIcon;
				ASSETCATALOG_COMPILER_GLOBAL_ACCENT_COLOR_NAME = AccentColor;
				CODE_SIGN_ENTITLEMENTS = RecapShopping/Resources/RecapShopping.entitlements;
				CODE_SIGN_STYLE = Automatic;
				CURRENT_PROJECT_VERSION = 1;
				DEVELOPMENT_ASSET_PATHS = "\"RecapShopping/Preview Content\"";
				DEVELOPMENT_TEAM = LL4R66V6Y3;
				ENABLE_HARDENED_RUNTIME = YES;
				ENABLE_PREVIEWS = YES;
				GENERATE_INFOPLIST_FILE = YES;
				"INFOPLIST_KEY_UIApplicationSceneManifest_Generation[sdk=iphoneos*]" = YES;
				"INFOPLIST_KEY_UIApplicationSceneManifest_Generation[sdk=iphonesimulator*]" = YES;
				"INFOPLIST_KEY_UIApplicationSupportsIndirectInputEvents[sdk=iphoneos*]" = YES;
				"INFOPLIST_KEY_UIApplicationSupportsIndirectInputEvents[sdk=iphonesimulator*]" = YES;
				"INFOPLIST_KEY_UILaunchScreen_Generation[sdk=iphoneos*]" = YES;
				"INFOPLIST_KEY_UILaunchScreen_Generation[sdk=iphonesimulator*]" = YES;
				"INFOPLIST_KEY_UIStatusBarStyle[sdk=iphoneos*]" = UIStatusBarStyleDefault;
				"INFOPLIST_KEY_UIStatusBarStyle[sdk=iphonesimulator*]" = UIStatusBarStyleDefault;
				INFOPLIST_KEY_UISupportedInterfaceOrientations_iPad = "UIInterfaceOrientationPortrait UIInterfaceOrientationPortraitUpsideDown UIInterfaceOrientationLandscapeLeft UIInterfaceOrientationLandscapeRight";
				INFOPLIST_KEY_UISupportedInterfaceOrientations_iPhone = "UIInterfaceOrientationPortrait UIInterfaceOrientationLandscapeLeft UIInterfaceOrientationLandscapeRight";
				IPHONEOS_DEPLOYMENT_TARGET = 16.4;
				LD_RUNPATH_SEARCH_PATHS = "@executable_path/Frameworks";
				"LD_RUNPATH_SEARCH_PATHS[sdk=macosx*]" = "@executable_path/../Frameworks";
				MACOSX_DEPLOYMENT_TARGET = 13.3;
				MARKETING_VERSION = 1.0;
				PRODUCT_BUNDLE_IDENTIFIER = com.cody.RecapShopping;
				PRODUCT_NAME = "$(TARGET_NAME)";
				SDKROOT = auto;
				SUPPORTED_PLATFORMS = "iphoneos iphonesimulator macosx";
				SWIFT_EMIT_LOC_STRINGS = YES;
				SWIFT_VERSION = 5.0;
				TARGETED_DEVICE_FAMILY = "1,2";
			};
			name = Release;
		};
/* End XCBuildConfiguration section */

/* Begin XCConfigurationList section */
		2FF45F792AAD921000B22904 /* Build configuration list for PBXProject "RecapShopping" */ = {
			isa = XCConfigurationList;
			buildConfigurations = (
				2FF45F8B2AAD921100B22904 /* Debug */,
				2FF45F8C2AAD921100B22904 /* Release */,
			);
			defaultConfigurationIsVisible = 0;
			defaultConfigurationName = Release;
		};
		2FF45F8D2AAD921100B22904 /* Build configuration list for PBXNativeTarget "RecapShopping" */ = {
			isa = XCConfigurationList;
			buildConfigurations = (
				2FF45F8E2AAD921100B22904 /* Debug */,
				2FF45F8F2AAD921100B22904 /* Release */,
			);
			defaultConfigurationIsVisible = 0;
			defaultConfigurationName = Release;
		};
/* End XCConfigurationList section */

/* Begin XCRemoteSwiftPackageReference section */
		2F77211A2AB2E1790091DA91 /* XCRemoteSwiftPackageReference "realm-swift" */ = {
			isa = XCRemoteSwiftPackageReference;
			repositoryURL = "https://github.com/realm/realm-swift.git";
			requirement = {
				kind = exactVersion;
				version = 10.34.1;
			};
		};
/* End XCRemoteSwiftPackageReference section */

/* Begin XCSwiftPackageProductDependency section */
		2F77211B2AB2E1790091DA91 /* Realm */ = {
			isa = XCSwiftPackageProductDependency;
			package = 2F77211A2AB2E1790091DA91 /* XCRemoteSwiftPackageReference "realm-swift" */;
			productName = Realm;
		};
		2F77211D2AB2E1790091DA91 /* RealmSwift */ = {
			isa = XCSwiftPackageProductDependency;
			package = 2F77211A2AB2E1790091DA91 /* XCRemoteSwiftPackageReference "realm-swift" */;
			productName = RealmSwift;
		};
/* End XCSwiftPackageProductDependency section */
	};
	rootObject = 2FF45F762AAD921000B22904 /* Project object */;
}
